
Microsoft Visual Studio Solution File, Format Version 12.00
# Visual Studio 15
VisualStudioVersion = 15.0.26124.0
MinimumVisualStudioVersion = 15.0.26124.0
Project("{FAE04EC0-301F-11D3-BF4B-00C04F79EFBC}") = "SalonGarden.Core", "SalonGarden.Core\SalonGarden.Core.csproj", "{0802E715-8157-48BE-8541-A787B314B0FD}"
EndProject
Project("{FAE04EC0-301F-11D3-BF4B-00C04F79EFBC}") = "SalonGarden.Tests", "SalonGarden.Tests\SalonGarden.Tests.csproj", "{6DEEB96E-2454-4B66-9511-676D293FA833}"
EndProject
Project("{FAE04EC0-301F-11D3-BF4B-00C04F79EFBC}") = "SalonGarden.Infrastructure", "SalonGarden.Infrastructure\SalonGarden.Infrastructure.csproj", "{1F5CE6F3-BEAD-49B1-A0CE-D6B8FFBC2EFD}"
EndProject
Global
	GlobalSection(SolutionConfigurationPlatforms) = preSolution
		Debug|Any CPU = Debug|Any CPU
		Debug|x64 = Debug|x64
		Debug|x86 = Debug|x86
		Release|Any CPU = Release|Any CPU
		Release|x64 = Release|x64
		Release|x86 = Release|x86
	EndGlobalSection
	GlobalSection(SolutionProperties) = preSolution
		HideSolutionNode = FALSE
	EndGlobalSection
	GlobalSection(ProjectConfigurationPlatforms) = postSolution
		{0802E715-8157-48BE-8541-A787B314B0FD}.Debug|Any CPU.ActiveCfg = Debug|Any CPU
		{0802E715-8157-48BE-8541-A787B314B0FD}.Debug|Any CPU.Build.0 = Debug|Any CPU
		{0802E715-8157-48BE-8541-A787B314B0FD}.Debug|x64.ActiveCfg = Debug|Any CPU
		{0802E715-8157-48BE-8541-A787B314B0FD}.Debug|x64.Build.0 = Debug|Any CPU
		{0802E715-8157-48BE-8541-A787B314B0FD}.Debug|x86.ActiveCfg = Debug|Any CPU
		{0802E715-8157-48BE-8541-A787B314B0FD}.Debug|x86.Build.0 = Debug|Any CPU
		{0802E715-8157-48BE-8541-A787B314B0FD}.Release|Any CPU.ActiveCfg = Release|Any CPU
		{0802E715-8157-48BE-8541-A787B314B0FD}.Release|Any CPU.Build.0 = Release|Any CPU
		{0802E715-8157-48BE-8541-A787B314B0FD}.Release|x64.ActiveCfg = Release|Any CPU
		{0802E715-8157-48BE-8541-A787B314B0FD}.Release|x64.Build.0 = Release|Any CPU
		{0802E715-8157-48BE-8541-A787B314B0FD}.Release|x86.ActiveCfg = Release|Any CPU
		{0802E715-8157-48BE-8541-A787B314B0FD}.Release|x86.Build.0 = Release|Any CPU
		{6DEEB96E-2454-4B66-9511-676D293FA833}.Debug|Any CPU.ActiveCfg = Debug|Any CPU
		{6DEEB96E-2454-4B66-9511-676D293FA833}.Debug|Any CPU.Build.0 = Debug|Any CPU
		{6DEEB96E-2454-4B66-9511-676D293FA833}.Debug|x64.ActiveCfg = Debug|Any CPU
		{6DEEB96E-2454-4B66-9511-676D293FA833}.Debug|x64.Build.0 = Debug|Any CPU
		{6DEEB96E-2454-4B66-9511-676D293FA833}.Debug|x86.ActiveCfg = Debug|Any CPU
		{6DEEB96E-2454-4B66-9511-676D293FA833}.Debug|x86.Build.0 = Debug|Any CPU
		{6DEEB96E-2454-4B66-9511-676D293FA833}.Release|Any CPU.ActiveCfg = Release|Any CPU
		{6DEEB96E-2454-4B66-9511-676D293FA833}.Release|Any CPU.Build.0 = Release|Any CPU
		{6DEEB96E-2454-4B66-9511-676D293FA833}.Release|x64.ActiveCfg = Release|Any CPU
		{6DEEB96E-2454-4B66-9511-676D293FA833}.Release|x64.Build.0 = Release|Any CPU
		{6DEEB96E-2454-4B66-9511-676D293FA833}.Release|x86.ActiveCfg = Release|Any CPU
		{6DEEB96E-2454-4B66-9511-676D293FA833}.Release|x86.Build.0 = Release|Any CPU
		{1F5CE6F3-BEAD-49B1-A0CE-D6B8FFBC2EFD}.Debug|Any CPU.ActiveCfg = Debug|Any CPU
		{1F5CE6F3-BEAD-49B1-A0CE-D6B8FFBC2EFD}.Debug|Any CPU.Build.0 = Debug|Any CPU
		{1F5CE6F3-BEAD-49B1-A0CE-D6B8FFBC2EFD}.Debug|x64.ActiveCfg = Debug|Any CPU
		{1F5CE6F3-BEAD-49B1-A0CE-D6B8FFBC2EFD}.Debug|x64.Build.0 = Debug|Any CPU
		{1F5CE6F3-BEAD-49B1-A0CE-D6B8FFBC2EFD}.Debug|x86.ActiveCfg = Debug|Any CPU
		{1F5CE6F3-BEAD-49B1-A0CE-D6B8FFBC2EFD}.Debug|x86.Build.0 = Debug|Any CPU
		{1F5CE6F3-BEAD-49B1-A0CE-D6B8FFBC2EFD}.Release|Any CPU.ActiveCfg = Release|Any CPU
		{1F5CE6F3-BEAD-49B1-A0CE-D6B8FFBC2EFD}.Release|Any CPU.Build.0 = Release|Any CPU
		{1F5CE6F3-BEAD-49B1-A0CE-D6B8FFBC2EFD}.Release|x64.ActiveCfg = Release|Any CPU
		{1F5CE6F3-BEAD-49B1-A0CE-D6B8FFBC2EFD}.Release|x64.Build.0 = Release|Any CPU
		{1F5CE6F3-BEAD-49B1-A0CE-D6B8FFBC2EFD}.Release|x86.ActiveCfg = Release|Any CPU
		{1F5CE6F3-BEAD-49B1-A0CE-D6B8FFBC2EFD}.Release|x86.Build.0 = Release|Any CPU
	EndGlobalSection
EndGlobal
