
Microsoft Visual Studio Solution File, Format Version 12.00
# Visual Studio Version 16
VisualStudioVersion = 16.0.29111.141
MinimumVisualStudioVersion = 15.0.26124.0
Project("{9A19103F-16F7-4668-BE54-9A1E7A4F7556}") = "SalonGarden.Tests", "SalonGarden.Tests\SalonGarden.Tests.csproj", "{6DEEB96E-2454-4B66-9511-676D293FA833}"
EndProject
Project("{9A19103F-16F7-4668-BE54-9A1E7A4F7556}") = "SalonGarden.Web", "SalonGarden.web\SalonGarden.Web.csproj", "{DA2C2916-6A99-4D0F-B954-985515919E69}"
EndProject
Global
	GlobalSection(SolutionConfigurationPlatforms) = preSolution
		Debug|Any CPU = Debug|Any CPU
		Debug|x64 = Debug|x64
		Debug|x86 = Debug|x86
		Release|Any CPU = Release|Any CPU
		Release|x64 = Release|x64
		Release|x86 = Release|x86
	EndGlobalSection
	GlobalSection(ProjectConfigurationPlatforms) = postSolution
		{6DEEB96E-2454-4B66-9511-676D293FA833}.Debug|Any CPU.ActiveCfg = Debug|Any CPU
		{6DEEB96E-2454-4B66-9511-676D293FA833}.Debug|Any CPU.Build.0 = Debug|Any CPU
		{6DEEB96E-2454-4B66-9511-676D293FA833}.Debug|x64.ActiveCfg = Debug|Any CPU
		{6DEEB96E-2454-4B66-9511-676D293FA833}.Debug|x64.Build.0 = Debug|Any CPU
		{6DEEB96E-2454-4B66-9511-676D293FA833}.Debug|x86.ActiveCfg = Debug|Any CPU
		{6DEEB96E-2454-4B66-9511-676D293FA833}.Debug|x86.Build.0 = Debug|Any CPU
		{6DEEB96E-2454-4B66-9511-676D293FA833}.Release|Any CPU.ActiveCfg = Release|Any CPU
		{6DEEB96E-2454-4B66-9511-676D293FA833}.Release|Any CPU.Build.0 = Release|Any CPU
		{6DEEB96E-2454-4B66-9511-676D293FA833}.Release|x64.ActiveCfg = Release|Any CPU
		{6DEEB96E-2454-4B66-9511-676D293FA833}.Release|x64.Build.0 = Release|Any CPU
		{6DEEB96E-2454-4B66-9511-676D293FA833}.Release|x86.ActiveCfg = Release|Any CPU
		{6DEEB96E-2454-4B66-9511-676D293FA833}.Release|x86.Build.0 = Release|Any CPU
		{DA2C2916-6A99-4D0F-B954-985515919E69}.Debug|Any CPU.ActiveCfg = Debug|Any CPU
		{DA2C2916-6A99-4D0F-B954-985515919E69}.Debug|Any CPU.Build.0 = Debug|Any CPU
		{DA2C2916-6A99-4D0F-B954-985515919E69}.Debug|x64.ActiveCfg = Debug|Any CPU
		{DA2C2916-6A99-4D0F-B954-985515919E69}.Debug|x64.Build.0 = Debug|Any CPU
		{DA2C2916-6A99-4D0F-B954-985515919E69}.Debug|x86.ActiveCfg = Debug|Any CPU
		{DA2C2916-6A99-4D0F-B954-985515919E69}.Debug|x86.Build.0 = Debug|Any CPU
		{DA2C2916-6A99-4D0F-B954-985515919E69}.Release|Any CPU.ActiveCfg = Release|Any CPU
		{DA2C2916-6A99-4D0F-B954-985515919E69}.Release|Any CPU.Build.0 = Release|Any CPU
		{DA2C2916-6A99-4D0F-B954-985515919E69}.Release|x64.ActiveCfg = Release|Any CPU
		{DA2C2916-6A99-4D0F-B954-985515919E69}.Release|x64.Build.0 = Release|Any CPU
		{DA2C2916-6A99-4D0F-B954-985515919E69}.Release|x86.ActiveCfg = Release|Any CPU
		{DA2C2916-6A99-4D0F-B954-985515919E69}.Release|x86.Build.0 = Release|Any CPU
	EndGlobalSection
	GlobalSection(SolutionProperties) = preSolution
		HideSolutionNode = FALSE
	EndGlobalSection
	GlobalSection(ExtensibilityGlobals) = postSolution
		SolutionGuid = {8F798480-453D-43B7-B4C2-D25CF9767B58}
	EndGlobalSection
EndGlobal
